
Microsoft Visual Studio Solution File, Format Version 12.00
# Visual Studio Version 16
VisualStudioVersion = 16.0.31515.178
MinimumVisualStudioVersion = 10.0.40219.1
Project("{FAE04EC0-301F-11D3-BF4B-00C04F79EFBC}") = "WindowsFormsApp2", "WindowsFormsApp2\WindowsFormsApp2.csproj", "{A54E32F5-3A52-4B6D-86BE-B3C6398D23EE}"
EndProject
Project("{FAE04EC0-301F-11D3-BF4B-00C04F79EFBC}") = "WindowsFormsApp1", "WindowsFormsApp1\WindowsFormsApp1.csproj", "{E2822C88-783C-46BA-84C7-D41CBE68CAE9}"
EndProject
Global
	GlobalSection(SolutionConfigurationPlatforms) = preSolution
		Debug|Any CPU = Debug|Any CPU
		Release|Any CPU = Release|Any CPU
	EndGlobalSection
	GlobalSection(ProjectConfigurationPlatforms) = postSolution
		{A54E32F5-3A52-4B6D-86BE-B3C6398D23EE}.Debug|Any CPU.ActiveCfg = Debug|Any CPU
		{A54E32F5-3A52-4B6D-86BE-B3C6398D23EE}.Debug|Any CPU.Build.0 = Debug|Any CPU
		{A54E32F5-3A52-4B6D-86BE-B3C6398D23EE}.Release|Any CPU.ActiveCfg = Release|Any CPU
		{A54E32F5-3A52-4B6D-86BE-B3C6398D23EE}.Release|Any CPU.Build.0 = Release|Any CPU
		{E2822C88-783C-46BA-84C7-D41CBE68CAE9}.Debug|Any CPU.ActiveCfg = Debug|Any CPU
		{E2822C88-783C-46BA-84C7-D41CBE68CAE9}.Debug|Any CPU.Build.0 = Debug|Any CPU
		{E2822C88-783C-46BA-84C7-D41CBE68CAE9}.Release|Any CPU.ActiveCfg = Release|Any CPU
		{E2822C88-783C-46BA-84C7-D41CBE68CAE9}.Release|Any CPU.Build.0 = Release|Any CPU
	EndGlobalSection
	GlobalSection(SolutionProperties) = preSolution
		HideSolutionNode = FALSE
	EndGlobalSection
	GlobalSection(ExtensibilityGlobals) = postSolution
		SolutionGuid = {A55D09E0-5475-4654-B6B8-0E592A8F4486}
	EndGlobalSection
EndGlobal
