
Microsoft Visual Studio Solution File, Format Version 12.00
# Visual Studio Version 16
VisualStudioVersion = 16.0.31515.178
MinimumVisualStudioVersion = 10.0.40219.1
Project("{FAE04EC0-301F-11D3-BF4B-00C04F79EFBC}") = "WpfApp5", "WpfApp5\WpfApp5.csproj", "{34B65FAF-6497-48A1-870D-D7DF6F43E019}"
EndProject
Global
	GlobalSection(SolutionConfigurationPlatforms) = preSolution
		Debug|Any CPU = Debug|Any CPU
		Release|Any CPU = Release|Any CPU
	EndGlobalSection
	GlobalSection(ProjectConfigurationPlatforms) = postSolution
		{34B65FAF-6497-48A1-870D-D7DF6F43E019}.Debug|Any CPU.ActiveCfg = Debug|Any CPU
		{34B65FAF-6497-48A1-870D-D7DF6F43E019}.Debug|Any CPU.Build.0 = Debug|Any CPU
		{34B65FAF-6497-48A1-870D-D7DF6F43E019}.Release|Any CPU.ActiveCfg = Release|Any CPU
		{34B65FAF-6497-48A1-870D-D7DF6F43E019}.Release|Any CPU.Build.0 = Release|Any CPU
	EndGlobalSection
	GlobalSection(SolutionProperties) = preSolution
		HideSolutionNode = FALSE
	EndGlobalSection
	GlobalSection(ExtensibilityGlobals) = postSolution
		SolutionGuid = {D4894AC3-BEC8-4EC0-867A-DE42535DC665}
	EndGlobalSection
EndGlobal
